
Microsoft Visual Studio Solution File, Format Version 12.00
# Visual Studio Version 17
VisualStudioVersion = 17.7.34003.232
MinimumVisualStudioVersion = 10.0.40219.1
Project("{FAE04EC0-301F-11D3-BF4B-00C04F79EFBC}") = "ProjectManagementAPI", "ProjectManagementAPI\ProjectManagementAPI.csproj", "{89A344EE-BB1A-4CD0-962A-1C4B42EC8371}"
EndProject
Project("{FAE04EC0-301F-11D3-BF4B-00C04F79EFBC}") = "ProjectManagementWebClient", "ProjectManagementWebClient\ProjectManagementWebClient.csproj", "{BDFB7648-A064-4599-B2A1-B97D9EA92F4A}"
EndProject
Global
	GlobalSection(SolutionConfigurationPlatforms) = preSolution
		Debug|Any CPU = Debug|Any CPU
		Release|Any CPU = Release|Any CPU
	EndGlobalSection
	GlobalSection(ProjectConfigurationPlatforms) = postSolution
		{89A344EE-BB1A-4CD0-962A-1C4B42EC8371}.Debug|Any CPU.ActiveCfg = Debug|Any CPU
		{89A344EE-BB1A-4CD0-962A-1C4B42EC8371}.Debug|Any CPU.Build.0 = Debug|Any CPU
		{89A344EE-BB1A-4CD0-962A-1C4B42EC8371}.Release|Any CPU.ActiveCfg = Release|Any CPU
		{89A344EE-BB1A-4CD0-962A-1C4B42EC8371}.Release|Any CPU.Build.0 = Release|Any CPU
		{BDFB7648-A064-4599-B2A1-B97D9EA92F4A}.Debug|Any CPU.ActiveCfg = Debug|Any CPU
		{BDFB7648-A064-4599-B2A1-B97D9EA92F4A}.Debug|Any CPU.Build.0 = Debug|Any CPU
		{BDFB7648-A064-4599-B2A1-B97D9EA92F4A}.Release|Any CPU.ActiveCfg = Release|Any CPU
		{BDFB7648-A064-4599-B2A1-B97D9EA92F4A}.Release|Any CPU.Build.0 = Release|Any CPU
	EndGlobalSection
	GlobalSection(SolutionProperties) = preSolution
		HideSolutionNode = FALSE
	EndGlobalSection
	GlobalSection(ExtensibilityGlobals) = postSolution
		SolutionGuid = {E50249C2-AB94-4FA9-A051-417ACC876C09}
	EndGlobalSection
EndGlobal
